// !$*UTF8*$!
{
	archiveVersion = 1;
	classes = {
	};
	objectVersion = 46;
	objects = {

/* Begin PBXBuildFile section */
		E2E5D72A1D92E869008B5408 /* SwiftMocker.h in Headers */ = {isa = PBXBuildFile; fileRef = E2E5D7291D92E869008B5408 /* SwiftMocker.h */; settings = {ATTRIBUTES = (Public, ); }; };
		E2E5D7311D92E869008B5408 /* SwiftMocker.framework in Frameworks */ = {isa = PBXBuildFile; fileRef = E2E5D7261D92E869008B5408 /* SwiftMocker.framework */; };
		E2E5D7361D92E869008B5408 /* SwiftMockerTests.swift in Sources */ = {isa = PBXBuildFile; fileRef = E2E5D7351D92E869008B5408 /* SwiftMockerTests.swift */; };
		E2E5D7411D92E8CB008B5408 /* SwiftMocker.swift in Sources */ = {isa = PBXBuildFile; fileRef = E2E5D7401D92E8CB008B5408 /* SwiftMocker.swift */; };
		E2E5D7431D92EBCC008B5408 /* BasicUsageTests.swift in Sources */ = {isa = PBXBuildFile; fileRef = E2E5D7421D92EBCC008B5408 /* BasicUsageTests.swift */; };
/* End PBXBuildFile section */

/* Begin PBXContainerItemProxy section */
		E2E5D7321D92E869008B5408 /* PBXContainerItemProxy */ = {
			isa = PBXContainerItemProxy;
			containerPortal = E2E5D71D1D92E869008B5408 /* Project object */;
			proxyType = 1;
			remoteGlobalIDString = E2E5D7251D92E869008B5408;
			remoteInfo = SwiftMocker;
		};
/* End PBXContainerItemProxy section */

/* Begin PBXFileReference section */
		E2E5D7261D92E869008B5408 /* SwiftMocker.framework */ = {isa = PBXFileReference; explicitFileType = wrapper.framework; includeInIndex = 0; path = SwiftMocker.framework; sourceTree = BUILT_PRODUCTS_DIR; };
		E2E5D7291D92E869008B5408 /* SwiftMocker.h */ = {isa = PBXFileReference; lastKnownFileType = sourcecode.c.h; path = SwiftMocker.h; sourceTree = "<group>"; };
		E2E5D72B1D92E869008B5408 /* Info.plist */ = {isa = PBXFileReference; lastKnownFileType = text.plist.xml; path = Info.plist; sourceTree = "<group>"; };
		E2E5D7301D92E869008B5408 /* SwiftMockerTests.xctest */ = {isa = PBXFileReference; explicitFileType = wrapper.cfbundle; includeInIndex = 0; path = SwiftMockerTests.xctest; sourceTree = BUILT_PRODUCTS_DIR; };
		E2E5D7351D92E869008B5408 /* SwiftMockerTests.swift */ = {isa = PBXFileReference; lastKnownFileType = sourcecode.swift; path = SwiftMockerTests.swift; sourceTree = "<group>"; };
		E2E5D7371D92E869008B5408 /* Info.plist */ = {isa = PBXFileReference; lastKnownFileType = text.plist.xml; path = Info.plist; sourceTree = "<group>"; };
		E2E5D7401D92E8CB008B5408 /* SwiftMocker.swift */ = {isa = PBXFileReference; fileEncoding = 4; lastKnownFileType = sourcecode.swift; path = SwiftMocker.swift; sourceTree = "<group>"; };
		E2E5D7421D92EBCC008B5408 /* BasicUsageTests.swift */ = {isa = PBXFileReference; fileEncoding = 4; lastKnownFileType = sourcecode.swift; path = BasicUsageTests.swift; sourceTree = "<group>"; };
/* End PBXFileReference section */

/* Begin PBXFrameworksBuildPhase section */
		E2E5D7221D92E869008B5408 /* Frameworks */ = {
			isa = PBXFrameworksBuildPhase;
			buildActionMask = 2147483647;
			files = (
			);
			runOnlyForDeploymentPostprocessing = 0;
		};
		E2E5D72D1D92E869008B5408 /* Frameworks */ = {
			isa = PBXFrameworksBuildPhase;
			buildActionMask = 2147483647;
			files = (
				E2E5D7311D92E869008B5408 /* SwiftMocker.framework in Frameworks */,
			);
			runOnlyForDeploymentPostprocessing = 0;
		};
/* End PBXFrameworksBuildPhase section */

/* Begin PBXGroup section */
		E2E5D71C1D92E869008B5408 = {
			isa = PBXGroup;
			children = (
				E2E5D7281D92E869008B5408 /* SwiftMocker */,
				E2E5D7341D92E869008B5408 /* SwiftMockerTests */,
				E2E5D7271D92E869008B5408 /* Products */,
			);
			sourceTree = "<group>";
		};
		E2E5D7271D92E869008B5408 /* Products */ = {
			isa = PBXGroup;
			children = (
				E2E5D7261D92E869008B5408 /* SwiftMocker.framework */,
				E2E5D7301D92E869008B5408 /* SwiftMockerTests.xctest */,
			);
			name = Products;
			sourceTree = "<group>";
		};
		E2E5D7281D92E869008B5408 /* SwiftMocker */ = {
			isa = PBXGroup;
			children = (
				E2E5D7291D92E869008B5408 /* SwiftMocker.h */,
				E2E5D72B1D92E869008B5408 /* Info.plist */,
				E2E5D7401D92E8CB008B5408 /* SwiftMocker.swift */,
			);
			path = SwiftMocker;
			sourceTree = "<group>";
		};
		E2E5D7341D92E869008B5408 /* SwiftMockerTests */ = {
			isa = PBXGroup;
			children = (
				E2E5D7351D92E869008B5408 /* SwiftMockerTests.swift */,
				E2E5D7371D92E869008B5408 /* Info.plist */,
				E2E5D7421D92EBCC008B5408 /* BasicUsageTests.swift */,
			);
			path = SwiftMockerTests;
			sourceTree = "<group>";
		};
/* End PBXGroup section */

/* Begin PBXHeadersBuildPhase section */
		E2E5D7231D92E869008B5408 /* Headers */ = {
			isa = PBXHeadersBuildPhase;
			buildActionMask = 2147483647;
			files = (
				E2E5D72A1D92E869008B5408 /* SwiftMocker.h in Headers */,
			);
			runOnlyForDeploymentPostprocessing = 0;
		};
/* End PBXHeadersBuildPhase section */

/* Begin PBXNativeTarget section */
		E2E5D7251D92E869008B5408 /* SwiftMocker */ = {
			isa = PBXNativeTarget;
			buildConfigurationList = E2E5D73A1D92E869008B5408 /* Build configuration list for PBXNativeTarget "SwiftMocker" */;
			buildPhases = (
				E2E5D7211D92E869008B5408 /* Sources */,
				E2E5D7221D92E869008B5408 /* Frameworks */,
				E2E5D7231D92E869008B5408 /* Headers */,
				E2E5D7241D92E869008B5408 /* Resources */,
			);
			buildRules = (
			);
			dependencies = (
			);
			name = SwiftMocker;
			productName = SwiftMocker;
			productReference = E2E5D7261D92E869008B5408 /* SwiftMocker.framework */;
			productType = "com.apple.product-type.framework";
		};
		E2E5D72F1D92E869008B5408 /* SwiftMockerTests */ = {
			isa = PBXNativeTarget;
			buildConfigurationList = E2E5D73D1D92E869008B5408 /* Build configuration list for PBXNativeTarget "SwiftMockerTests" */;
			buildPhases = (
				E2E5D72C1D92E869008B5408 /* Sources */,
				E2E5D72D1D92E869008B5408 /* Frameworks */,
				E2E5D72E1D92E869008B5408 /* Resources */,
			);
			buildRules = (
			);
			dependencies = (
				E2E5D7331D92E869008B5408 /* PBXTargetDependency */,
			);
			name = SwiftMockerTests;
			productName = SwiftMockerTests;
			productReference = E2E5D7301D92E869008B5408 /* SwiftMockerTests.xctest */;
			productType = "com.apple.product-type.bundle.unit-test";
		};
/* End PBXNativeTarget section */

/* Begin PBXProject section */
		E2E5D71D1D92E869008B5408 /* Project object */ = {
			isa = PBXProject;
			attributes = {
				LastSwiftUpdateCheck = 0730;
				LastUpgradeCheck = 0730;
				ORGANIZATIONNAME = "Tom Charles";
				TargetAttributes = {
					E2E5D7251D92E869008B5408 = {
						CreatedOnToolsVersion = 7.3.1;
						LastSwiftMigration = 0800;
					};
					E2E5D72F1D92E869008B5408 = {
						CreatedOnToolsVersion = 7.3.1;
						LastSwiftMigration = 0800;
					};
				};
			};
			buildConfigurationList = E2E5D7201D92E869008B5408 /* Build configuration list for PBXProject "SwiftMocker" */;
			compatibilityVersion = "Xcode 3.2";
			developmentRegion = English;
			hasScannedForEncodings = 0;
			knownRegions = (
				en,
			);
			mainGroup = E2E5D71C1D92E869008B5408;
			productRefGroup = E2E5D7271D92E869008B5408 /* Products */;
			projectDirPath = "";
			projectRoot = "";
			targets = (
				E2E5D7251D92E869008B5408 /* SwiftMocker */,
				E2E5D72F1D92E869008B5408 /* SwiftMockerTests */,
			);
		};
/* End PBXProject section */

/* Begin PBXResourcesBuildPhase section */
		E2E5D7241D92E869008B5408 /* Resources */ = {
			isa = PBXResourcesBuildPhase;
			buildActionMask = 2147483647;
			files = (
			);
			runOnlyForDeploymentPostprocessing = 0;
		};
		E2E5D72E1D92E869008B5408 /* Resources */ = {
			isa = PBXResourcesBuildPhase;
			buildActionMask = 2147483647;
			files = (
			);
			runOnlyForDeploymentPostprocessing = 0;
		};
/* End PBXResourcesBuildPhase section */

/* Begin PBXSourcesBuildPhase section */
		E2E5D7211D92E869008B5408 /* Sources */ = {
			isa = PBXSourcesBuildPhase;
			buildActionMask = 2147483647;
			files = (
				E2E5D7411D92E8CB008B5408 /* SwiftMocker.swift in Sources */,
			);
			runOnlyForDeploymentPostprocessing = 0;
		};
		E2E5D72C1D92E869008B5408 /* Sources */ = {
			isa = PBXSourcesBuildPhase;
			buildActionMask = 2147483647;
			files = (
				E2E5D7431D92EBCC008B5408 /* BasicUsageTests.swift in Sources */,
				E2E5D7361D92E869008B5408 /* SwiftMockerTests.swift in Sources */,
			);
			runOnlyForDeploymentPostprocessing = 0;
		};
/* End PBXSourcesBuildPhase section */

/* Begin PBXTargetDependency section */
		E2E5D7331D92E869008B5408 /* PBXTargetDependency */ = {
			isa = PBXTargetDependency;
			target = E2E5D7251D92E869008B5408 /* SwiftMocker */;
			targetProxy = E2E5D7321D92E869008B5408 /* PBXContainerItemProxy */;
		};
/* End PBXTargetDependency section */

/* Begin XCBuildConfiguration section */
		E2E5D7381D92E869008B5408 /* Debug */ = {
			isa = XCBuildConfiguration;
			buildSettings = {
				ALWAYS_SEARCH_USER_PATHS = NO;
				CLANG_ANALYZER_NONNULL = YES;
				CLANG_CXX_LANGUAGE_STANDARD = "gnu++0x";
				CLANG_CXX_LIBRARY = "libc++";
				CLANG_ENABLE_MODULES = YES;
				CLANG_ENABLE_OBJC_ARC = YES;
				CLANG_WARN_BOOL_CONVERSION = YES;
				CLANG_WARN_CONSTANT_CONVERSION = YES;
				CLANG_WARN_DIRECT_OBJC_ISA_USAGE = YES_ERROR;
				CLANG_WARN_EMPTY_BODY = YES;
				CLANG_WARN_ENUM_CONVERSION = YES;
				CLANG_WARN_INT_CONVERSION = YES;
				CLANG_WARN_OBJC_ROOT_CLASS = YES_ERROR;
				CLANG_WARN_UNREACHABLE_CODE = YES;
				CLANG_WARN__DUPLICATE_METHOD_MATCH = YES;
				"CODE_SIGN_IDENTITY[sdk=iphoneos*]" = "iPhone Developer";
				COPY_PHASE_STRIP = NO;
				CURRENT_PROJECT_VERSION = 1;
				DEBUG_INFORMATION_FORMAT = dwarf;
				ENABLE_STRICT_OBJC_MSGSEND = YES;
				ENABLE_TESTABILITY = YES;
				GCC_C_LANGUAGE_STANDARD = gnu99;
				GCC_DYNAMIC_NO_PIC = NO;
				GCC_NO_COMMON_BLOCKS = YES;
				GCC_OPTIMIZATION_LEVEL = 0;
				GCC_PREPROCESSOR_DEFINITIONS = (
					"DEBUG=1",
					"$(inherited)",
				);
				GCC_WARN_64_TO_32_BIT_CONVERSION = YES;
				GCC_WARN_ABOUT_RETURN_TYPE = YES_ERROR;
				GCC_WARN_UNDECLARED_SELECTOR = YES;
				GCC_WARN_UNINITIALIZED_AUTOS = YES_AGGRESSIVE;
				GCC_WARN_UNUSED_FUNCTION = YES;
				GCC_WARN_UNUSED_VARIABLE = YES;
				IPHONEOS_DEPLOYMENT_TARGET = 9.3;
				MTL_ENABLE_DEBUG_INFO = YES;
				ONLY_ACTIVE_ARCH = YES;
				SDKROOT = iphoneos;
				SWIFT_OPTIMIZATION_LEVEL = "-Onone";
				TARGETED_DEVICE_FAMILY = "1,2";
				VERSIONING_SYSTEM = "apple-generic";
				VERSION_INFO_PREFIX = "";
			};
			name = Debug;
		};
		E2E5D7391D92E869008B5408 /* Release */ = {
			isa = XCBuildConfiguration;
			buildSettings = {
				ALWAYS_SEARCH_USER_PATHS = NO;
				CLANG_ANALYZER_NONNULL = YES;
				CLANG_CXX_LANGUAGE_STANDARD = "gnu++0x";
				CLANG_CXX_LIBRARY = "libc++";
				CLANG_ENABLE_MODULES = YES;
				CLANG_ENABLE_OBJC_ARC = YES;
				CLANG_WARN_BOOL_CONVERSION = YES;
				CLANG_WARN_CONSTANT_CONVERSION = YES;
				CLANG_WARN_DIRECT_OBJC_ISA_USAGE = YES_ERROR;
				CLANG_WARN_EMPTY_BODY = YES;
				CLANG_WARN_ENUM_CONVERSION = YES;
				CLANG_WARN_INT_CONVERSION = YES;
				CLANG_WARN_OBJC_ROOT_CLASS = YES_ERROR;
				CLANG_WARN_UNREACHABLE_CODE = YES;
				CLANG_WARN__DUPLICATE_METHOD_MATCH = YES;
				"CODE_SIGN_IDENTITY[sdk=iphoneos*]" = "iPhone Developer";
				COPY_PHASE_STRIP = NO;
				CURRENT_PROJECT_VERSION = 1;
				DEBUG_INFORMATION_FORMAT = "dwarf-with-dsym";
				ENABLE_NS_ASSERTIONS = NO;
				ENABLE_STRICT_OBJC_MSGSEND = YES;
				GCC_C_LANGUAGE_STANDARD = gnu99;
				GCC_NO_COMMON_BLOCKS = YES;
				GCC_WARN_64_TO_32_BIT_CONVERSION = YES;
				GCC_WARN_ABOUT_RETURN_TYPE = YES_ERROR;
				GCC_WARN_UNDECLARED_SELECTOR = YES;
				GCC_WARN_UNINITIALIZED_AUTOS = YES_AGGRESSIVE;
				GCC_WARN_UNUSED_FUNCTION = YES;
				GCC_WARN_UNUSED_VARIABLE = YES;
				IPHONEOS_DEPLOYMENT_TARGET = 9.3;
				MTL_ENABLE_DEBUG_INFO = NO;
				SDKROOT = iphoneos;
				TARGETED_DEVICE_FAMILY = "1,2";
				VALIDATE_PRODUCT = YES;
				VERSIONING_SYSTEM = "apple-generic";
				VERSION_INFO_PREFIX = "";
			};
			name = Release;
		};
		E2E5D73B1D92E869008B5408 /* Debug */ = {
			isa = XCBuildConfiguration;
			buildSettings = {
				CLANG_ENABLE_MODULES = YES;
				DEFINES_MODULE = YES;
				DYLIB_COMPATIBILITY_VERSION = 1;
				DYLIB_CURRENT_VERSION = 1;
				DYLIB_INSTALL_NAME_BASE = "@rpath";
				INFOPLIST_FILE = SwiftMocker/Info.plist;
				INSTALL_PATH = "$(LOCAL_LIBRARY_DIR)/Frameworks";
				LD_RUNPATH_SEARCH_PATHS = "$(inherited) @executable_path/Frameworks @loader_path/Frameworks";
				PRODUCT_BUNDLE_IDENTIFIER = io.tomcharles.SwiftMocker;
				PRODUCT_NAME = "$(TARGET_NAME)";
				SKIP_INSTALL = YES;
				SWIFT_OPTIMIZATION_LEVEL = "-Onone";
				SWIFT_VERSION = 3.0;
			};
			name = Debug;
		};
		E2E5D73C1D92E869008B5408 /* Release */ = {
			isa = XCBuildConfiguration;
			buildSettings = {
				CLANG_ENABLE_MODULES = YES;
				DEFINES_MODULE = YES;
				DYLIB_COMPATIBILITY_VERSION = 1;
				DYLIB_CURRENT_VERSION = 1;
				DYLIB_INSTALL_NAME_BASE = "@rpath";
				INFOPLIST_FILE = SwiftMocker/Info.plist;
				INSTALL_PATH = "$(LOCAL_LIBRARY_DIR)/Frameworks";
				LD_RUNPATH_SEARCH_PATHS = "$(inherited) @executable_path/Frameworks @loader_path/Frameworks";
				PRODUCT_BUNDLE_IDENTIFIER = io.tomcharles.SwiftMocker;
				PRODUCT_NAME = "$(TARGET_NAME)";
				SKIP_INSTALL = YES;
				SWIFT_VERSION = 3.0;
			};
			name = Release;
		};
		E2E5D73E1D92E869008B5408 /* Debug */ = {
			isa = XCBuildConfiguration;
			buildSettings = {
				INFOPLIST_FILE = SwiftMockerTests/Info.plist;
				LD_RUNPATH_SEARCH_PATHS = "$(inherited) @executable_path/Frameworks @loader_path/Frameworks";
				PRODUCT_BUNDLE_IDENTIFIER = io.tomcharles.SwiftMockerTests;
				PRODUCT_NAME = "$(TARGET_NAME)";
				SWIFT_VERSION = 3.0;
			};
			name = Debug;
		};
		E2E5D73F1D92E869008B5408 /* Release */ = {
			isa = XCBuildConfiguration;
			buildSettings = {
				INFOPLIST_FILE = SwiftMockerTests/Info.plist;
				LD_RUNPATH_SEARCH_PATHS = "$(inherited) @executable_path/Frameworks @loader_path/Frameworks";
				PRODUCT_BUNDLE_IDENTIFIER = io.tomcharles.SwiftMockerTests;
				PRODUCT_NAME = "$(TARGET_NAME)";
				SWIFT_VERSION = 3.0;
			};
			name = Release;
		};
/* End XCBuildConfiguration section */

/* Begin XCConfigurationList section */
		E2E5D7201D92E869008B5408 /* Build configuration list for PBXProject "SwiftMocker" */ = {
			isa = XCConfigurationList;
			buildConfigurations = (
				E2E5D7381D92E869008B5408 /* Debug */,
				E2E5D7391D92E869008B5408 /* Release */,
			);
			defaultConfigurationIsVisible = 0;
			defaultConfigurationName = Release;
		};
		E2E5D73A1D92E869008B5408 /* Build configuration list for PBXNativeTarget "SwiftMocker" */ = {
			isa = XCConfigurationList;
			buildConfigurations = (
				E2E5D73B1D92E869008B5408 /* Debug */,
				E2E5D73C1D92E869008B5408 /* Release */,
			);
			defaultConfigurationIsVisible = 0;
			defaultConfigurationName = Release;
		};
		E2E5D73D1D92E869008B5408 /* Build configuration list for PBXNativeTarget "SwiftMockerTests" */ = {
			isa = XCConfigurationList;
			buildConfigurations = (
				E2E5D73E1D92E869008B5408 /* Debug */,
				E2E5D73F1D92E869008B5408 /* Release */,
			);
			defaultConfigurationIsVisible = 0;
			defaultConfigurationName = Release;
		};
/* End XCConfigurationList section */
	};
	rootObject = E2E5D71D1D92E869008B5408 /* Project object */;
}
